{
  "nodes": {
    "antigravity": {
      "inputs": {
        "flake-utils": "flake-utils",
        "nixpkgs": [
          "nixpkgs"
        ]
      },
      "locked": {
        "lastModified": 1789802026,
        "narHash": "sha256-Q36Xa8cQftL4apO5jKhhvhaEJbfEKFDOltM44JxEjmY=",
        "owner": "jacopone",
        "repo": "antigravity-nix",
        "rev": "b92ea8e30f8b8dc0892586940c1437d52228e14c",
        "type": "github"
      },
      "original": {
        "owner": "jacopone",
        "repo": "antigravity-nix",
        "type": "github"
      }
    },
    "dank-greeter": {
      "inputs": {
        "dank-qml-common": "dank-qml-common",
        "nixpkgs": [
          "nixpkgs"
        ]
      },
      "locked": {
        "lastModified": 1789701749,
        "narHash": "sha256-vVJUgNEUa+trNXZFK7DGmuV9HMz4GMiA+f+de6k51hw=",
        "owner": "AvengeMedia",
        "repo": "dank-greeter",
        "rev": "c792f1e13287fed01b1bf1a80654553019f3e0cb",
        "type": "github"
      },
      "original": {
        "owner": "AvengeMedia",
        "repo": "dank-greeter",
        "type": "github"
      }
    },
    "dank-qml-common": {
      "flake": false,
      "locked": {
        "lastModified": 1789701545,
        "narHash": "sha256-aNZwXDlF1NMIrMtPL3ZtDg5Q8LZY62DjnpPRoe2453g=",
        "owner": "AvengeMedia",
        "repo": "dank-qml-common",
        "rev": "55d3897192f47692b7961812d94ad18004fa0ad8",
        "type": "github"
      },
      "original": {
        "owner": "AvengeMedia",
        "repo": "dank-qml-common",
        "type": "github"
      }
    },
    "dank-qml-common_2": {
      "flake": false,
      "locked": {
        "lastModified": 1789755182,
        "narHash": "sha256-47BBqvpzKSKo65gRnGirwulJ/c6N3Dg+vEfErwXTu58=",
        "owner": "AvengeMedia",
        "repo": "dank-qml-common",
        "rev": "ff99ec8a93c4a52d792e7020575540582f249ea9",
        "type": "github"
      },
      "original": {
        "owner": "AvengeMedia",
        "repo": "dank-qml-common",
        "type": "github"
      }
    },
    "dank-qml-common_3": {
      "flake": false,
      "locked": {
        "lastModified": 1789768710,
        "narHash": "sha256-bg5uT5R5rE00UsuM5zyvjJMi/y6HvhygYA2haYmjpvg=",
        "owner": "AvengeMedia",
        "repo": "dank-qml-common",
        "rev": "ccab90ec90e0cdd620eadc2e1ad8b4740363472c",
        "type": "github"
      },
      "original": {
        "owner": "AvengeMedia",
        "repo": "dank-qml-common",
        "type": "github"
      }
    },
    "dankcalendar": {
      "inputs": {
        "dank-qml-common": "dank-qml-common_2",
        "nixpkgs": [
          "nixpkgs"
        ]
      },
      "locked": {
        "lastModified": 1789758001,
        "narHash": "sha256-9mkKoWExAmPdKT5VEK5oW7XFs6wTaDtqXa8OUOS2UKk=",
        "owner": "AvengeMedia",
        "repo": "dankcalendar",
        "rev": "feebbb5de09e57467c6bf3e97ec9366af8ad5c6b",
        "type": "github"
      },
      "original": {
        "owner": "AvengeMedia",
        "repo": "dankcalendar",
        "type": "github"
      }
    },
    "danksearch": {
      "inputs": {
        "nixpkgs": [
          "nixpkgs"
        ]
      },
      "locked": {
        "lastModified": 1788455393,
        "narHash": "sha256-C9mVxnPCaA6mtz8H5GwMfBjOdhLRmXrpzcDc7z99iOo=",
        "owner": "AvengeMedia",
        "repo": "danksearch",
        "rev": "984f86e644a93d2a366d960e3c56233260a501de",
        "type": "github"
      },
      "original": {
        "owner": "AvengeMedia",
        "repo": "danksearch",
        "type": "github"
      }
    },
    "dgop": {
      "inputs": {
        "nixpkgs": [
          "nixpkgs"
        ]
      },
      "locked": {
        "lastModified": 1789657958,
        "narHash": "sha256-0zWMFcxLZEVPzCRe5yDgPlPHBNgw3MMq78MAUvGNu/4=",
        "owner": "AvengeMedia",
        "repo": "dgop",
        "rev": "56a43ff5b8c6b14c5a7c190a69eec43f2297d76b",
        "type": "github"
      },
      "original": {
        "owner": "AvengeMedia",
        "repo": "dgop",
        "type": "github"
      }
    },
    "dms": {
      "inputs": {
        "dank-qml-common": "dank-qml-common_3",
        "flake-compat": "flake-compat",
        "nixpkgs": [
          "nixpkgs"
        ]
      },
      "locked": {
        "lastModified": 1789836938,
        "narHash": "sha256-RrnNZi2cAVS9ECn0Hdz8AR/DRvgs8FbFd75uuUFH4Xs=",
        "owner": "AvengeMedia",
        "repo": "DankMaterialShell",
        "rev": "b5415caa7f0269f0f3d63fbc6ace724f3b4aaca8",
        "type": "github"
      },
      "original": {
        "owner": "AvengeMedia",
        "repo": "DankMaterialShell",
        "type": "github"
      }
    },
    "flake-compat": {
      "flake": false,
      "locked": {
        "lastModified": 1767039857,
        "narHash": "sha256-vNpUSpF5Nuw8xvDLj2KCwwksIbjua2LZCqhV1LNRDns=",
        "owner": "NixOS",
        "repo": "flake-compat",
        "rev": "5edf11c44bc78a0d334f6334cdaf7d60d732daab",
        "type": "github"
      },
      "original": {
        "owner": "NixOS",
        "repo": "flake-compat",
        "type": "github"
      }
    },
    "flake-utils": {
      "inputs": {
        "systems": "systems"
      },
      "locked": {
        "lastModified": 1731533236,
        "narHash": "sha256-l0KFg5HjrsfsO/JpG+r7fRrqm12kzFHyUHqHCVpMMbI=",
        "owner": "numtide",
        "repo": "flake-utils",
        "rev": "11707dc2f618dd54ca8739b309ec4fc024de578b",
        "type": "github"
      },
      "original": {
        "owner": "numtide",
        "repo": "flake-utils",
        "type": "github"
      }
    },
    "home-manager": {
      "inputs": {
        "nixpkgs": [
          "nixpkgs"
        ]
      },
      "locked": {
        "lastModified": 1789765459,
        "narHash": "sha256-voJJ5IZR4w2149u2Jm/j2zifeWROlpZQ+JzmCQwjgn8=",
        "owner": "nix-community",
        "repo": "home-manager",
        "rev": "17903129f47656fa4d07e78ad87f6592ff4f2527",
        "type": "github"
      },
      "original": {
        "owner": "nix-community",
        "repo": "home-manager",
        "type": "github"
      }
    },
    "home-manager_2": {
      "inputs": {
        "nixpkgs": [
          "zen-browser",
          "nixpkgs"
        ]
      },
      "locked": {
        "lastModified": 1789430117,
        "narHash": "sha256-t+U1mijItLJ64xZOifpfQ17kpAL73nU7pDI48ScacVc=",
        "owner": "nix-community",
        "repo": "home-manager",
        "rev": "cda90fd8838825c689fde9d3f3b4e937937790df",
        "type": "github"
      },
      "original": {
        "owner": "nix-community",
        "repo": "home-manager",
        "type": "github"
      }
    },
    "nixpkgs": {
      "locked": {
        "lastModified": 1789785513,
        "narHash": "sha256-BMbikTjbh5H7ac/OjwGoJrlooh4dgNqhs51ABM83M7g=",
        "rev": "20b1ddd1aa5ace70c9468305030aa4f9ef79671b",
        "type": "tarball",
        "url": "https://releases.nixos.org/nixos/unstable/nixos-26.11pre1076192.20b1ddd1aa5a/nixexprs.tar.zst"
      },
      "original": {
        "type": "tarball",
        "url": "https://channels.nixos.org/nixos-unstable/nixexprs.tar.zst"
      }
    },
    "root": {
      "inputs": {
        "antigravity": "antigravity",
        "dank-greeter": "dank-greeter",
        "dankcalendar": "dankcalendar",
        "danksearch": "danksearch",
        "dgop": "dgop",
        "dms": "dms",
        "home-manager": "home-manager",
        "nixpkgs": "nixpkgs",
        "zen-browser": "zen-browser"
      }
    },
    "systems": {
      "locked": {
        "lastModified": 1681028828,
        "narHash": "sha256-Vy1rq5AaRuLzOxct8nz4T6wlgyUR7zLU309k9mBC768=",
        "owner": "nix-systems",
        "repo": "default",
        "rev": "da67096a3b9bf56a91d16901293e51ba5b49a27e",
        "type": "github"
      },
      "original": {
        "owner": "nix-systems",
        "repo": "default",
        "type": "github"
      }
    },
    "zen-browser": {
      "inputs": {
        "home-manager": "home-manager_2",
        "nixpkgs": [
          "nixpkgs"
        ]
      },
      "locked": {
        "lastModified": 1789763453,
        "narHash": "sha256-odKtnVD85ongiMfagtRXMdTQJoSmQHzmEBAH27QmFms=",
        "owner": "0xc000022070",
        "repo": "zen-browser-flake",
        "rev": "812a7ed1e6aa4ad468b4f9fd0d2bf908d52cf102",
        "type": "github"
      },
      "original": {
        "owner": "0xc000022070",
        "repo": "zen-browser-flake",
        "type": "github"
      }
    }
  },
  "root": "root",
  "version": 7
}
